{
  "name": "@amlhubs/osm",
  "version": "0.0.1",
  "lockfileVersion": 3,
  "requires": true,
  "packages": {
    "": {
      "name": "@amlhubs/osm",
      "version": "0.0.1",
      "license": "UNLICENSED",
      "dependencies": {
        "@amlhubs/sbvr": "^0.0.1",
        "@amlhubs/uml": "^0.0.2"
      },
      "devDependencies": {
        "typescript": "^5.6.0"
      }
    },
    "node_modules/@amlhubs/sbvr": {
      "version": "0.0.1",
      "resolved": "https://npm.pkg.github.com/download/@amlhubs/sbvr/0.0.1/0786bc7deb19e57436beee80b8c5f814a35e48b7",
      "integrity": "sha512-7kJp//g76CP5g/pXtgFvECMTQUaDDjeyYbU8TRKOaBVCuxqd0Z+79jgsPB677UFgIPNKcGw6PRVTz799xAOMKg==",
      "license": "UNLICENSED",
      "dependencies": {
        "@amlhubs/mof": "^0.0.1",
        "@amlhubs/uml": "^0.0.1"
      }
    },
    "node_modules/@amlhubs/sbvr/node_modules/@amlhubs/mof": {
      "version": "0.0.1",
      "resolved": "https://npm.pkg.github.com/download/@amlhubs/mof/0.0.1/e85cd5f8dab780e252d24632d7e2de39cea26c94",
      "integrity": "sha512-ebvKgScx5HWTSCaos1fXCwAZRFpMG7ER6tL7h5HIjbTBmdQrqMoJ8ojkMmeu4qnvUemfp8W0ksV+Zo/G2/hTHQ==",
      "license": "UNLICENSED",
      "peerDependencies": {
        "@amlhubs/uml": "0.0.1"
      }
    },
    "node_modules/@amlhubs/sbvr/node_modules/@amlhubs/uml": {
      "version": "0.0.1",
      "resolved": "https://npm.pkg.github.com/download/@amlhubs/uml/0.0.1/3786adf7ef001e4929069ece11fa6ee5535cf86f",
      "integrity": "sha512-nYkL8655S8h86XHqdiAidYpM1HlzYWdJaEuuUk6q8eZce8F1T3lbxD022Q4HspsMcc4iIp8h2mX1fgaudD3BZQ==",
      "license": "UNLICENSED"
    },
    "node_modules/@amlhubs/uml": {
      "version": "0.0.2",
      "resolved": "https://npm.pkg.github.com/download/@amlhubs/uml/0.0.2/9fd1be4d27ed1d76a16cb4f1d058cbf045ff05b3",
      "integrity": "sha512-Yor9mBa0uFOPMcUnc3xIYHzstvO0m0DNTpImUgXAgTfURYISj1hLF9GEbSbNDTChmsmd+QxOpoKYaPWk2uTwcQ==",
      "license": "UNLICENSED"
    },
    "node_modules/typescript": {
      "version": "5.9.3",
      "resolved": "https://registry.npmjs.org/typescript/-/typescript-5.9.3.tgz",
      "integrity": "sha512-jl1vZzPDinLr9eUt3J/t7V6FgNEw9QjvBPdysz9KfQDD41fQrC2Y4vKQdiaUpFT4bXlb1RHhLpp8wtm6M5TgSw==",
      "dev": true,
      "license": "Apache-2.0",
      "bin": {
        "tsc": "bin/tsc",
        "tsserver": "bin/tsserver"
      },
      "engines": {
        "node": ">=14.17"
      }
    }
  }
}
